// !$*UTF8*$!
{
	archiveVersion = 1;
	classes = {
	};
	objectVersion = 46;
	objects = {

/* Begin PBXBuildFile section */
		D656C5F51A69D24E00D3A4C4 /* AppDelegate.swift in Sources */ = {isa = PBXBuildFile; fileRef = D656C5F41A69D24E00D3A4C4 /* AppDelegate.swift */; };
		D656C5F71A69D24E00D3A4C4 /* ViewController.swift in Sources */ = {isa = PBXBuildFile; fileRef = D656C5F61A69D24E00D3A4C4 /* ViewController.swift */; };
		D656C5FA1A69D24E00D3A4C4 /* Main.storyboard in Resources */ = {isa = PBXBuildFile; fileRef = D656C5F81A69D24E00D3A4C4 /* Main.storyboard */; };
		D656C5FC1A69D24E00D3A4C4 /* Images.xcassets in Resources */ = {isa = PBXBuildFile; fileRef = D656C5FB1A69D24E00D3A4C4 /* Images.xcassets */; };
		D656C5FF1A69D24E00D3A4C4 /* LaunchScreen.xib in Resources */ = {isa = PBXBuildFile; fileRef = D656C5FD1A69D24E00D3A4C4 /* LaunchScreen.xib */; };
		D656C60B1A69D24E00D3A4C4 /* postCardTests.swift in Sources */ = {isa = PBXBuildFile; fileRef = D656C60A1A69D24E00D3A4C4 /* postCardTests.swift */; };
/* End PBXBuildFile section */

/* Begin PBXContainerItemProxy section */
		D656C6051A69D24E00D3A4C4 /* PBXContainerItemProxy */ = {
			isa = PBXContainerItemProxy;
			containerPortal = D656C5E71A69D24E00D3A4C4 /* Project object */;
			proxyType = 1;
			remoteGlobalIDString = D656C5EE1A69D24E00D3A4C4;
			remoteInfo = postCard;
		};
/* End PBXContainerItemProxy section */

/* Begin PBXFileReference section */
		D656C5EF1A69D24E00D3A4C4 /* postCard.app */ = {isa = PBXFileReference; explicitFileType = wrapper.application; includeInIndex = 0; path = postCard.app; sourceTree = BUILT_PRODUCTS_DIR; };
		D656C5F31A69D24E00D3A4C4 /* Info.plist */ = {isa = PBXFileReference; lastKnownFileType = text.plist.xml; path = Info.plist; sourceTree = "<group>"; };
		D656C5F41A69D24E00D3A4C4 /* AppDelegate.swift */ = {isa = PBXFileReference; lastKnownFileType = sourcecode.swift; path = AppDelegate.swift; sourceTree = "<group>"; };
		D656C5F61A69D24E00D3A4C4 /* ViewController.swift */ = {isa = PBXFileReference; lastKnownFileType = sourcecode.swift; path = ViewController.swift; sourceTree = "<group>"; };
		D656C5F91A69D24E00D3A4C4 /* Base */ = {isa = PBXFileReference; lastKnownFileType = file.storyboard; name = Base; path = Base.lproj/Main.storyboard; sourceTree = "<group>"; };
		D656C5FB1A69D24E00D3A4C4 /* Images.xcassets */ = {isa = PBXFileReference; lastKnownFileType = folder.assetcatalog; path = Images.xcassets; sourceTree = "<group>"; };
		D656C5FE1A69D24E00D3A4C4 /* Base */ = {isa = PBXFileReference; lastKnownFileType = file.xib; name = Base; path = Base.lproj/LaunchScreen.xib; sourceTree = "<group>"; };
		D656C6041A69D24E00D3A4C4 /* postCardTests.xctest */ = {isa = PBXFileReference; explicitFileType = wrapper.cfbundle; includeInIndex = 0; path = postCardTests.xctest; sourceTree = BUILT_PRODUCTS_DIR; };
		D656C6091A69D24E00D3A4C4 /* Info.plist */ = {isa = PBXFileReference; lastKnownFileType = text.plist.xml; path = Info.plist; sourceTree = "<group>"; };
		D656C60A1A69D24E00D3A4C4 /* postCardTests.swift */ = {isa = PBXFileReference; lastKnownFileType = sourcecode.swift; path = postCardTests.swift; sourceTree = "<group>"; };
/* End PBXFileReference section */

/* Begin PBXFrameworksBuildPhase section */
		D656C5EC1A69D24E00D3A4C4 /* Frameworks */ = {
			isa = PBXFrameworksBuildPhase;
			buildActionMask = 2147483647;
			files = (
			);
			runOnlyForDeploymentPostprocessing = 0;
		};
		D656C6011A69D24E00D3A4C4 /* Frameworks */ = {
			isa = PBXFrameworksBuildPhase;
			buildActionMask = 2147483647;
			files = (
			);
			runOnlyForDeploymentPostprocessing = 0;
		};
/* End PBXFrameworksBuildPhase section */

/* Begin PBXGroup section */
		D656C5E61A69D24E00D3A4C4 = {
			isa = PBXGroup;
			children = (
				D656C5F11A69D24E00D3A4C4 /* postCard */,
				D656C6071A69D24E00D3A4C4 /* postCardTests */,
				D656C5F01A69D24E00D3A4C4 /* Products */,
			);
			sourceTree = "<group>";
		};
		D656C5F01A69D24E00D3A4C4 /* Products */ = {
			isa = PBXGroup;
			children = (
				D656C5EF1A69D24E00D3A4C4 /* postCard.app */,
				D656C6041A69D24E00D3A4C4 /* postCardTests.xctest */,
			);
			name = Products;
			sourceTree = "<group>";
		};
		D656C5F11A69D24E00D3A4C4 /* postCard */ = {
			isa = PBXGroup;
			children = (
				D656C5F41A69D24E00D3A4C4 /* AppDelegate.swift */,
				D656C5F61A69D24E00D3A4C4 /* ViewController.swift */,
				D656C5F81A69D24E00D3A4C4 /* Main.storyboard */,
				D656C5FB1A69D24E00D3A4C4 /* Images.xcassets */,
				D656C5FD1A69D24E00D3A4C4 /* LaunchScreen.xib */,
				D656C5F21A69D24E00D3A4C4 /* Supporting Files */,
			);
			path = postCard;
			sourceTree = "<group>";
		};
		D656C5F21A69D24E00D3A4C4 /* Supporting Files */ = {
			isa = PBXGroup;
			children = (
				D656C5F31A69D24E00D3A4C4 /* Info.plist */,
			);
			name = "Supporting Files";
			sourceTree = "<group>";
		};
		D656C6071A69D24E00D3A4C4 /* postCardTests */ = {
			isa = PBXGroup;
			children = (
				D656C60A1A69D24E00D3A4C4 /* postCardTests.swift */,
				D656C6081A69D24E00D3A4C4 /* Supporting Files */,
			);
			path = postCardTests;
			sourceTree = "<group>";
		};
		D656C6081A69D24E00D3A4C4 /* Supporting Files */ = {
			isa = PBXGroup;
			children = (
				D656C6091A69D24E00D3A4C4 /* Info.plist */,
			);
			name = "Supporting Files";
			sourceTree = "<group>";
		};
/* End PBXGroup section */

/* Begin PBXNativeTarget section */
		D656C5EE1A69D24E00D3A4C4 /* postCard */ = {
			isa = PBXNativeTarget;
			buildConfigurationList = D656C60E1A69D24E00D3A4C4 /* Build configuration list for PBXNativeTarget "postCard" */;
			buildPhases = (
				D656C5EB1A69D24E00D3A4C4 /* Sources */,
				D656C5EC1A69D24E00D3A4C4 /* Frameworks */,
				D656C5ED1A69D24E00D3A4C4 /* Resources */,
			);
			buildRules = (
			);
			dependencies = (
			);
			name = postCard;
			productName = postCard;
			productReference = D656C5EF1A69D24E00D3A4C4 /* postCard.app */;
			productType = "com.apple.product-type.application";
		};
		D656C6031A69D24E00D3A4C4 /* postCardTests */ = {
			isa = PBXNativeTarget;
			buildConfigurationList = D656C6111A69D24E00D3A4C4 /* Build configuration list for PBXNativeTarget "postCardTests" */;
			buildPhases = (
				D656C6001A69D24E00D3A4C4 /* Sources */,
				D656C6011A69D24E00D3A4C4 /* Frameworks */,
				D656C6021A69D24E00D3A4C4 /* Resources */,
			);
			buildRules = (
			);
			dependencies = (
				D656C6061A69D24E00D3A4C4 /* PBXTargetDependency */,
			);
			name = postCardTests;
			productName = postCardTests;
			productReference = D656C6041A69D24E00D3A4C4 /* postCardTests.xctest */;
			productType = "com.apple.product-type.bundle.unit-test";
		};
/* End PBXNativeTarget section */

/* Begin PBXProject section */
		D656C5E71A69D24E00D3A4C4 /* Project object */ = {
			isa = PBXProject;
			attributes = {
				LastUpgradeCheck = 0610;
				ORGANIZATIONNAME = semih;
				TargetAttributes = {
					D656C5EE1A69D24E00D3A4C4 = {
						CreatedOnToolsVersion = 6.1.1;
					};
					D656C6031A69D24E00D3A4C4 = {
						CreatedOnToolsVersion = 6.1.1;
						TestTargetID = D656C5EE1A69D24E00D3A4C4;
					};
				};
			};
			buildConfigurationList = D656C5EA1A69D24E00D3A4C4 /* Build configuration list for PBXProject "postCard" */;
			compatibilityVersion = "Xcode 3.2";
			developmentRegion = English;
			hasScannedForEncodings = 0;
			knownRegions = (
				en,
				Base,
			);
			mainGroup = D656C5E61A69D24E00D3A4C4;
			productRefGroup = D656C5F01A69D24E00D3A4C4 /* Products */;
			projectDirPath = "";
			projectRoot = "";
			targets = (
				D656C5EE1A69D24E00D3A4C4 /* postCard */,
				D656C6031A69D24E00D3A4C4 /* postCardTests */,
			);
		};
/* End PBXProject section */

/* Begin PBXResourcesBuildPhase section */
		D656C5ED1A69D24E00D3A4C4 /* Resources */ = {
			isa = PBXResourcesBuildPhase;
			buildActionMask = 2147483647;
			files = (
				D656C5FA1A69D24E00D3A4C4 /* Main.storyboard in Resources */,
				D656C5FF1A69D24E00D3A4C4 /* LaunchScreen.xib in Resources */,
				D656C5FC1A69D24E00D3A4C4 /* Images.xcassets in Resources */,
			);
			runOnlyForDeploymentPostprocessing = 0;
		};
		D656C6021A69D24E00D3A4C4 /* Resources */ = {
			isa = PBXResourcesBuildPhase;
			buildActionMask = 2147483647;
			files = (
			);
			runOnlyForDeploymentPostprocessing = 0;
		};
/* End PBXResourcesBuildPhase section */

/* Begin PBXSourcesBuildPhase section */
		D656C5EB1A69D24E00D3A4C4 /* Sources */ = {
			isa = PBXSourcesBuildPhase;
			buildActionMask = 2147483647;
			files = (
				D656C5F71A69D24E00D3A4C4 /* ViewController.swift in Sources */,
				D656C5F51A69D24E00D3A4C4 /* AppDelegate.swift in Sources */,
			);
			runOnlyForDeploymentPostprocessing = 0;
		};
		D656C6001A69D24E00D3A4C4 /* Sources */ = {
			isa = PBXSourcesBuildPhase;
			buildActionMask = 2147483647;
			files = (
				D656C60B1A69D24E00D3A4C4 /* postCardTests.swift in Sources */,
			);
			runOnlyForDeploymentPostprocessing = 0;
		};
/* End PBXSourcesBuildPhase section */

/* Begin PBXTargetDependency section */
		D656C6061A69D24E00D3A4C4 /* PBXTargetDependency */ = {
			isa = PBXTargetDependency;
			target = D656C5EE1A69D24E00D3A4C4 /* postCard */;
			targetProxy = D656C6051A69D24E00D3A4C4 /* PBXContainerItemProxy */;
		};
/* End PBXTargetDependency section */

/* Begin PBXVariantGroup section */
		D656C5F81A69D24E00D3A4C4 /* Main.storyboard */ = {
			isa = PBXVariantGroup;
			children = (
				D656C5F91A69D24E00D3A4C4 /* Base */,
			);
			name = Main.storyboard;
			sourceTree = "<group>";
		};
		D656C5FD1A69D24E00D3A4C4 /* LaunchScreen.xib */ = {
			isa = PBXVariantGroup;
			children = (
				D656C5FE1A69D24E00D3A4C4 /* Base */,
			);
			name = LaunchScreen.xib;
			sourceTree = "<group>";
		};
/* End PBXVariantGroup section */

/* Begin XCBuildConfiguration section */
		D656C60C1A69D24E00D3A4C4 /* Debug */ = {
			isa = XCBuildConfiguration;
			buildSettings = {
				ALWAYS_SEARCH_USER_PATHS = NO;
				CLANG_CXX_LANGUAGE_STANDARD = "gnu++0x";
				CLANG_CXX_LIBRARY = "libc++";
				CLANG_ENABLE_MODULES = YES;
				CLANG_ENABLE_OBJC_ARC = YES;
				CLANG_WARN_BOOL_CONVERSION = YES;
				CLANG_WARN_CONSTANT_CONVERSION = YES;
				CLANG_WARN_DIRECT_OBJC_ISA_USAGE = YES_ERROR;
				CLANG_WARN_EMPTY_BODY = YES;
				CLANG_WARN_ENUM_CONVERSION = YES;
				CLANG_WARN_INT_CONVERSION = YES;
				CLANG_WARN_OBJC_ROOT_CLASS = YES_ERROR;
				CLANG_WARN_UNREACHABLE_CODE = YES;
				CLANG_WARN__DUPLICATE_METHOD_MATCH = YES;
				"CODE_SIGN_IDENTITY[sdk=iphoneos*]" = "iPhone Developer";
				COPY_PHASE_STRIP = NO;
				ENABLE_STRICT_OBJC_MSGSEND = YES;
				GCC_C_LANGUAGE_STANDARD = gnu99;
				GCC_DYNAMIC_NO_PIC = NO;
				GCC_OPTIMIZATION_LEVEL = 0;
				GCC_PREPROCESSOR_DEFINITIONS = (
					"DEBUG=1",
					"$(inherited)",
				);
				GCC_SYMBOLS_PRIVATE_EXTERN = NO;
				GCC_WARN_64_TO_32_BIT_CONVERSION = YES;
				GCC_WARN_ABOUT_RETURN_TYPE = YES_ERROR;
				GCC_WARN_UNDECLARED_SELECTOR = YES;
				GCC_WARN_UNINITIALIZED_AUTOS = YES_AGGRESSIVE;
				GCC_WARN_UNUSED_FUNCTION = YES;
				GCC_WARN_UNUSED_VARIABLE = YES;
				IPHONEOS_DEPLOYMENT_TARGET = 8.1;
				MTL_ENABLE_DEBUG_INFO = YES;
				ONLY_ACTIVE_ARCH = YES;
				SDKROOT = iphoneos;
				SWIFT_OPTIMIZATION_LEVEL = "-Onone";
				TARGETED_DEVICE_FAMILY = "1,2";
			};
			name = Debug;
		};
		D656C60D1A69D24E00D3A4C4 /* Release */ = {
			isa = XCBuildConfiguration;
			buildSettings = {
				ALWAYS_SEARCH_USER_PATHS = NO;
				CLANG_CXX_LANGUAGE_STANDARD = "gnu++0x";
				CLANG_CXX_LIBRARY = "libc++";
				CLANG_ENABLE_MODULES = YES;
				CLANG_ENABLE_OBJC_ARC = YES;
				CLANG_WARN_BOOL_CONVERSION = YES;
				CLANG_WARN_CONSTANT_CONVERSION = YES;
				CLANG_WARN_DIRECT_OBJC_ISA_USAGE = YES_ERROR;
				CLANG_WARN_EMPTY_BODY = YES;
				CLANG_WARN_ENUM_CONVERSION = YES;
				CLANG_WARN_INT_CONVERSION = YES;
				CLANG_WARN_OBJC_ROOT_CLASS = YES_ERROR;
				CLANG_WARN_UNREACHABLE_CODE = YES;
				CLANG_WARN__DUPLICATE_METHOD_MATCH = YES;
				"CODE_SIGN_IDENTITY[sdk=iphoneos*]" = "iPhone Developer";
				COPY_PHASE_STRIP = YES;
				ENABLE_NS_ASSERTIONS = NO;
				ENABLE_STRICT_OBJC_MSGSEND = YES;
				GCC_C_LANGUAGE_STANDARD = gnu99;
				GCC_WARN_64_TO_32_BIT_CONVERSION = YES;
				GCC_WARN_ABOUT_RETURN_TYPE = YES_ERROR;
				GCC_WARN_UNDECLARED_SELECTOR = YES;
				GCC_WARN_UNINITIALIZED_AUTOS = YES_AGGRESSIVE;
				GCC_WARN_UNUSED_FUNCTION = YES;
				GCC_WARN_UNUSED_VARIABLE = YES;
				IPHONEOS_DEPLOYMENT_TARGET = 8.1;
				MTL_ENABLE_DEBUG_INFO = NO;
				SDKROOT = iphoneos;
				TARGETED_DEVICE_FAMILY = "1,2";
				VALIDATE_PRODUCT = YES;
			};
			name = Release;
		};
		D656C60F1A69D24E00D3A4C4 /* Debug */ = {
			isa = XCBuildConfiguration;
			buildSettings = {
				ASSETCATALOG_COMPILER_APPICON_NAME = AppIcon;
				INFOPLIST_FILE = postCard/Info.plist;
				LD_RUNPATH_SEARCH_PATHS = "$(inherited) @executable_path/Frameworks";
				PRODUCT_NAME = "$(TARGET_NAME)";
			};
			name = Debug;
		};
		D656C6101A69D24E00D3A4C4 /* Release */ = {
			isa = XCBuildConfiguration;
			buildSettings = {
				ASSETCATALOG_COMPILER_APPICON_NAME = AppIcon;
				INFOPLIST_FILE = postCard/Info.plist;
				LD_RUNPATH_SEARCH_PATHS = "$(inherited) @executable_path/Frameworks";
				PRODUCT_NAME = "$(TARGET_NAME)";
			};
			name = Release;
		};
		D656C6121A69D24E00D3A4C4 /* Debug */ = {
			isa = XCBuildConfiguration;
			buildSettings = {
				BUNDLE_LOADER = "$(TEST_HOST)";
				FRAMEWORK_SEARCH_PATHS = (
					"$(SDKROOT)/Developer/Library/Frameworks",
					"$(inherited)",
				);
				GCC_PREPROCESSOR_DEFINITIONS = (
					"DEBUG=1",
					"$(inherited)",
				);
				INFOPLIST_FILE = postCardTests/Info.plist;
				LD_RUNPATH_SEARCH_PATHS = "$(inherited) @executable_path/Frameworks @loader_path/Frameworks";
				PRODUCT_NAME = "$(TARGET_NAME)";
				TEST_HOST = "$(BUILT_PRODUCTS_DIR)/postCard.app/postCard";
			};
			name = Debug;
		};
		D656C6131A69D24E00D3A4C4 /* Release */ = {
			isa = XCBuildConfiguration;
			buildSettings = {
				BUNDLE_LOADER = "$(TEST_HOST)";
				FRAMEWORK_SEARCH_PATHS = (
					"$(SDKROOT)/Developer/Library/Frameworks",
					"$(inherited)",
				);
				INFOPLIST_FILE = postCardTests/Info.plist;
				LD_RUNPATH_SEARCH_PATHS = "$(inherited) @executable_path/Frameworks @loader_path/Frameworks";
				PRODUCT_NAME = "$(TARGET_NAME)";
				TEST_HOST = "$(BUILT_PRODUCTS_DIR)/postCard.app/postCard";
			};
			name = Release;
		};
/* End XCBuildConfiguration section */

/* Begin XCConfigurationList section */
		D656C5EA1A69D24E00D3A4C4 /* Build configuration list for PBXProject "postCard" */ = {
			isa = XCConfigurationList;
			buildConfigurations = (
				D656C60C1A69D24E00D3A4C4 /* Debug */,
				D656C60D1A69D24E00D3A4C4 /* Release */,
			);
			defaultConfigurationIsVisible = 0;
			defaultConfigurationName = Release;
		};
		D656C60E1A69D24E00D3A4C4 /* Build configuration list for PBXNativeTarget "postCard" */ = {
			isa = XCConfigurationList;
			buildConfigurations = (
				D656C60F1A69D24E00D3A4C4 /* Debug */,
				D656C6101A69D24E00D3A4C4 /* Release */,
			);
			defaultConfigurationIsVisible = 0;
		};
		D656C6111A69D24E00D3A4C4 /* Build configuration list for PBXNativeTarget "postCardTests" */ = {
			isa = XCConfigurationList;
			buildConfigurations = (
				D656C6121A69D24E00D3A4C4 /* Debug */,
				D656C6131A69D24E00D3A4C4 /* Release */,
			);
			defaultConfigurationIsVisible = 0;
		};
/* End XCConfigurationList section */
	};
	rootObject = D656C5E71A69D24E00D3A4C4 /* Project object */;
}
